
Microsoft Visual Studio Solution File, Format Version 12.00
# Visual Studio 14
VisualStudioVersion = 14.0.25420.1
MinimumVisualStudioVersion = 10.0.40219.1
Project("{2150E333-8FDC-42A3-9474-1A3956D46DE8}") = ".nuget", ".nuget", "{F23F32C2-1973-44F9-83F0-AFC9D88B8588}"
	ProjectSection(SolutionItems) = preProject
		.nuget\NuGet.Config = .nuget\NuGet.Config
		.nuget\NuGet.exe = .nuget\NuGet.exe
		.nuget\NuGet.targets = .nuget\NuGet.targets
	EndProjectSection
EndProject
Project("{FAE04EC0-301F-11D3-BF4B-00C04F79EFBC}") = "Eve Local Chat Analyser", "EVE Local Chat Analyser\Eve Local Chat Analyser.csproj", "{0082A9A2-A0E9-4AF2-8511-75D55333A39B}"
EndProject
Project("{FAE04EC0-301F-11D3-BF4B-00C04F79EFBC}") = "PLHLib", "PLHLib\PLHLib.csproj", "{44774517-D919-4BC9-AB94-F3087BD25AAC}"
EndProject
Project("{FAE04EC0-301F-11D3-BF4B-00C04F79EFBC}") = "ZKBDumpImporter", "ZKBDumpImporter\ZKBDumpImporter.csproj", "{E82C37F6-6CFA-4888-853E-9F9CC3772E01}"
EndProject
Project("{FAE04EC0-301F-11D3-BF4B-00C04F79EFBC}") = "StompFeeder", "StompFeeder\StompFeeder.csproj", "{6B1FEF08-BB4F-4B74-BE0A-0C1629CFED80}"
EndProject
Project("{FAE04EC0-301F-11D3-BF4B-00C04F79EFBC}") = "StompDotNet", "..\..\Visual Studio 2012\Projects\StompDotNet\StompDotNet\StompDotNet.csproj", "{FE8DBC23-B57F-46D3-83B3-D1CEB8D8F966}"
EndProject
Project("{2150E333-8FDC-42A3-9474-1A3956D46DE8}") = "Solution Items", "Solution Items", "{566F4842-5D2D-479C-A48D-4343A6310F25}"
	ProjectSection(SolutionItems) = preProject
		Performance1.psess = Performance1.psess
	EndProjectSection
EndProject
Project("{FAE04EC0-301F-11D3-BF4B-00C04F79EFBC}") = "EVE Killboard Analyser", "EVE Killboard Analyser\EVE Killboard Analyser\EVE Killboard Analyser.csproj", "{B2D55052-26AE-49E4-8F7E-01A260A90DD0}"
EndProject
Project("{FAE04EC0-301F-11D3-BF4B-00C04F79EFBC}") = "GraphX.Logic", "GraphX\GraphX.Logic\GraphX.Logic.csproj", "{35F09D76-FDBE-4854-9DFC-961185C53B57}"
EndProject
Project("{FAE04EC0-301F-11D3-BF4B-00C04F79EFBC}") = "GraphX.Common", "GraphX\GraphX.Common\GraphX.Common.csproj", "{EEBD4EF2-4649-4F36-8FDA-B1BA071A19BE}"
EndProject
Project("{FAE04EC0-301F-11D3-BF4B-00C04F79EFBC}") = "GraphX.Controls", "GraphX\GraphX.Controls\GraphX.Controls.csproj", "{D2E33FEE-6689-4BB4-A95C-1B5C327A1E8F}"
EndProject
Project("{FAE04EC0-301F-11D3-BF4B-00C04F79EFBC}") = "LiteDB", "LiteDB\LiteDB.csproj", "{E808051A-83B7-4FA9-B004-D064EA162B60}"
EndProject
Global
	GlobalSection(SolutionConfigurationPlatforms) = preSolution
		CD_ROM|Any CPU = CD_ROM|Any CPU
		CD_ROM|Mixed Platforms = CD_ROM|Mixed Platforms
		CD_ROM|x64 = CD_ROM|x64
		CD_ROM|x86 = CD_ROM|x86
		Debug|Any CPU = Debug|Any CPU
		Debug|Mixed Platforms = Debug|Mixed Platforms
		Debug|x64 = Debug|x64
		Debug|x86 = Debug|x86
		DVD-5|Any CPU = DVD-5|Any CPU
		DVD-5|Mixed Platforms = DVD-5|Mixed Platforms
		DVD-5|x64 = DVD-5|x64
		DVD-5|x86 = DVD-5|x86
		Release|Any CPU = Release|Any CPU
		Release|Mixed Platforms = Release|Mixed Platforms
		Release|x64 = Release|x64
		Release|x86 = Release|x86
		SingleImage|Any CPU = SingleImage|Any CPU
		SingleImage|Mixed Platforms = SingleImage|Mixed Platforms
		SingleImage|x64 = SingleImage|x64
		SingleImage|x86 = SingleImage|x86
	EndGlobalSection
	GlobalSection(ProjectConfigurationPlatforms) = postSolution
		{0082A9A2-A0E9-4AF2-8511-75D55333A39B}.CD_ROM|Any CPU.ActiveCfg = Release|Any CPU
		{0082A9A2-A0E9-4AF2-8511-75D55333A39B}.CD_ROM|Any CPU.Build.0 = Release|Any CPU
		{0082A9A2-A0E9-4AF2-8511-75D55333A39B}.CD_ROM|Mixed Platforms.ActiveCfg = Debug|Any CPU
		{0082A9A2-A0E9-4AF2-8511-75D55333A39B}.CD_ROM|Mixed Platforms.Build.0 = Debug|Any CPU
		{0082A9A2-A0E9-4AF2-8511-75D55333A39B}.CD_ROM|x64.ActiveCfg = Release|x64
		{0082A9A2-A0E9-4AF2-8511-75D55333A39B}.CD_ROM|x64.Build.0 = Release|x64
		{0082A9A2-A0E9-4AF2-8511-75D55333A39B}.CD_ROM|x86.ActiveCfg = Debug|Any CPU
		{0082A9A2-A0E9-4AF2-8511-75D55333A39B}.Debug|Any CPU.ActiveCfg = Debug|Any CPU
		{0082A9A2-A0E9-4AF2-8511-75D55333A39B}.Debug|Any CPU.Build.0 = Debug|Any CPU
		{0082A9A2-A0E9-4AF2-8511-75D55333A39B}.Debug|Mixed Platforms.ActiveCfg = Debug|Any CPU
		{0082A9A2-A0E9-4AF2-8511-75D55333A39B}.Debug|Mixed Platforms.Build.0 = Debug|Any CPU
		{0082A9A2-A0E9-4AF2-8511-75D55333A39B}.Debug|x64.ActiveCfg = Debug|x64
		{0082A9A2-A0E9-4AF2-8511-75D55333A39B}.Debug|x64.Build.0 = Debug|x64
		{0082A9A2-A0E9-4AF2-8511-75D55333A39B}.Debug|x86.ActiveCfg = Debug|Any CPU
		{0082A9A2-A0E9-4AF2-8511-75D55333A39B}.DVD-5|Any CPU.ActiveCfg = Debug|Any CPU
		{0082A9A2-A0E9-4AF2-8511-75D55333A39B}.DVD-5|Any CPU.Build.0 = Debug|Any CPU
		{0082A9A2-A0E9-4AF2-8511-75D55333A39B}.DVD-5|Mixed Platforms.ActiveCfg = Debug|Any CPU
		{0082A9A2-A0E9-4AF2-8511-75D55333A39B}.DVD-5|Mixed Platforms.Build.0 = Debug|Any CPU
		{0082A9A2-A0E9-4AF2-8511-75D55333A39B}.DVD-5|x64.ActiveCfg = Debug|x64
		{0082A9A2-A0E9-4AF2-8511-75D55333A39B}.DVD-5|x64.Build.0 = Debug|x64
		{0082A9A2-A0E9-4AF2-8511-75D55333A39B}.DVD-5|x86.ActiveCfg = Debug|Any CPU
		{0082A9A2-A0E9-4AF2-8511-75D55333A39B}.Release|Any CPU.ActiveCfg = Release|Any CPU
		{0082A9A2-A0E9-4AF2-8511-75D55333A39B}.Release|Any CPU.Build.0 = Release|Any CPU
		{0082A9A2-A0E9-4AF2-8511-75D55333A39B}.Release|Mixed Platforms.ActiveCfg = Release|Any CPU
		{0082A9A2-A0E9-4AF2-8511-75D55333A39B}.Release|Mixed Platforms.Build.0 = Release|Any CPU
		{0082A9A2-A0E9-4AF2-8511-75D55333A39B}.Release|x64.ActiveCfg = Release|x64
		{0082A9A2-A0E9-4AF2-8511-75D55333A39B}.Release|x64.Build.0 = Release|x64
		{0082A9A2-A0E9-4AF2-8511-75D55333A39B}.Release|x86.ActiveCfg = Release|Any CPU
		{0082A9A2-A0E9-4AF2-8511-75D55333A39B}.SingleImage|Any CPU.ActiveCfg = Release|Any CPU
		{0082A9A2-A0E9-4AF2-8511-75D55333A39B}.SingleImage|Any CPU.Build.0 = Release|Any CPU
		{0082A9A2-A0E9-4AF2-8511-75D55333A39B}.SingleImage|Mixed Platforms.ActiveCfg = Debug|Any CPU
		{0082A9A2-A0E9-4AF2-8511-75D55333A39B}.SingleImage|Mixed Platforms.Build.0 = Debug|Any CPU
		{0082A9A2-A0E9-4AF2-8511-75D55333A39B}.SingleImage|x64.ActiveCfg = Release|x64
		{0082A9A2-A0E9-4AF2-8511-75D55333A39B}.SingleImage|x64.Build.0 = Release|x64
		{0082A9A2-A0E9-4AF2-8511-75D55333A39B}.SingleImage|x86.ActiveCfg = Debug|Any CPU
		{44774517-D919-4BC9-AB94-F3087BD25AAC}.CD_ROM|Any CPU.ActiveCfg = Release|Any CPU
		{44774517-D919-4BC9-AB94-F3087BD25AAC}.CD_ROM|Any CPU.Build.0 = Release|Any CPU
		{44774517-D919-4BC9-AB94-F3087BD25AAC}.CD_ROM|Mixed Platforms.ActiveCfg = Release|Any CPU
		{44774517-D919-4BC9-AB94-F3087BD25AAC}.CD_ROM|Mixed Platforms.Build.0 = Release|Any CPU
		{44774517-D919-4BC9-AB94-F3087BD25AAC}.CD_ROM|x64.ActiveCfg = Release|x64
		{44774517-D919-4BC9-AB94-F3087BD25AAC}.CD_ROM|x64.Build.0 = Release|x64
		{44774517-D919-4BC9-AB94-F3087BD25AAC}.CD_ROM|x86.ActiveCfg = Release|Any CPU
		{44774517-D919-4BC9-AB94-F3087BD25AAC}.Debug|Any CPU.ActiveCfg = Debug|Any CPU
		{44774517-D919-4BC9-AB94-F3087BD25AAC}.Debug|Any CPU.Build.0 = Debug|Any CPU
		{44774517-D919-4BC9-AB94-F3087BD25AAC}.Debug|Mixed Platforms.ActiveCfg = Debug|Any CPU
		{44774517-D919-4BC9-AB94-F3087BD25AAC}.Debug|Mixed Platforms.Build.0 = Debug|Any CPU
		{44774517-D919-4BC9-AB94-F3087BD25AAC}.Debug|x64.ActiveCfg = Debug|x64
		{44774517-D919-4BC9-AB94-F3087BD25AAC}.Debug|x64.Build.0 = Debug|x64
		{44774517-D919-4BC9-AB94-F3087BD25AAC}.Debug|x86.ActiveCfg = Debug|Any CPU
		{44774517-D919-4BC9-AB94-F3087BD25AAC}.DVD-5|Any CPU.ActiveCfg = Debug|Any CPU
		{44774517-D919-4BC9-AB94-F3087BD25AAC}.DVD-5|Any CPU.Build.0 = Debug|Any CPU
		{44774517-D919-4BC9-AB94-F3087BD25AAC}.DVD-5|Mixed Platforms.ActiveCfg = Debug|Any CPU
		{44774517-D919-4BC9-AB94-F3087BD25AAC}.DVD-5|Mixed Platforms.Build.0 = Debug|Any CPU
		{44774517-D919-4BC9-AB94-F3087BD25AAC}.DVD-5|x64.ActiveCfg = Debug|x64
		{44774517-D919-4BC9-AB94-F3087BD25AAC}.DVD-5|x64.Build.0 = Debug|x64
		{44774517-D919-4BC9-AB94-F3087BD25AAC}.DVD-5|x86.ActiveCfg = Debug|Any CPU
		{44774517-D919-4BC9-AB94-F3087BD25AAC}.Release|Any CPU.ActiveCfg = Release|Any CPU
		{44774517-D919-4BC9-AB94-F3087BD25AAC}.Release|Any CPU.Build.0 = Release|Any CPU
		{44774517-D919-4BC9-AB94-F3087BD25AAC}.Release|Mixed Platforms.ActiveCfg = Release|Any CPU
		{44774517-D919-4BC9-AB94-F3087BD25AAC}.Release|Mixed Platforms.Build.0 = Release|Any CPU
		{44774517-D919-4BC9-AB94-F3087BD25AAC}.Release|x64.ActiveCfg = Release|x64
		{44774517-D919-4BC9-AB94-F3087BD25AAC}.Release|x64.Build.0 = Release|x64
		{44774517-D919-4BC9-AB94-F3087BD25AAC}.Release|x86.ActiveCfg = Release|Any CPU
		{44774517-D919-4BC9-AB94-F3087BD25AAC}.SingleImage|Any CPU.ActiveCfg = Release|Any CPU
		{44774517-D919-4BC9-AB94-F3087BD25AAC}.SingleImage|Any CPU.Build.0 = Release|Any CPU
		{44774517-D919-4BC9-AB94-F3087BD25AAC}.SingleImage|Mixed Platforms.ActiveCfg = Release|Any CPU
		{44774517-D919-4BC9-AB94-F3087BD25AAC}.SingleImage|Mixed Platforms.Build.0 = Release|Any CPU
		{44774517-D919-4BC9-AB94-F3087BD25AAC}.SingleImage|x64.ActiveCfg = Release|x64
		{44774517-D919-4BC9-AB94-F3087BD25AAC}.SingleImage|x64.Build.0 = Release|x64
		{44774517-D919-4BC9-AB94-F3087BD25AAC}.SingleImage|x86.ActiveCfg = Release|Any CPU
		{E82C37F6-6CFA-4888-853E-9F9CC3772E01}.CD_ROM|Any CPU.ActiveCfg = Release|Any CPU
		{E82C37F6-6CFA-4888-853E-9F9CC3772E01}.CD_ROM|Any CPU.Build.0 = Release|Any CPU
		{E82C37F6-6CFA-4888-853E-9F9CC3772E01}.CD_ROM|Mixed Platforms.ActiveCfg = Release|Any CPU
		{E82C37F6-6CFA-4888-853E-9F9CC3772E01}.CD_ROM|Mixed Platforms.Build.0 = Release|Any CPU
		{E82C37F6-6CFA-4888-853E-9F9CC3772E01}.CD_ROM|x64.ActiveCfg = Release|x64
		{E82C37F6-6CFA-4888-853E-9F9CC3772E01}.CD_ROM|x64.Build.0 = Release|x64
		{E82C37F6-6CFA-4888-853E-9F9CC3772E01}.CD_ROM|x86.ActiveCfg = Release|Any CPU
		{E82C37F6-6CFA-4888-853E-9F9CC3772E01}.Debug|Any CPU.ActiveCfg = Debug|Any CPU
		{E82C37F6-6CFA-4888-853E-9F9CC3772E01}.Debug|Any CPU.Build.0 = Debug|Any CPU
		{E82C37F6-6CFA-4888-853E-9F9CC3772E01}.Debug|Mixed Platforms.ActiveCfg = Debug|Any CPU
		{E82C37F6-6CFA-4888-853E-9F9CC3772E01}.Debug|Mixed Platforms.Build.0 = Debug|Any CPU
		{E82C37F6-6CFA-4888-853E-9F9CC3772E01}.Debug|x64.ActiveCfg = Debug|x64
		{E82C37F6-6CFA-4888-853E-9F9CC3772E01}.Debug|x64.Build.0 = Debug|x64
		{E82C37F6-6CFA-4888-853E-9F9CC3772E01}.Debug|x86.ActiveCfg = Debug|Any CPU
		{E82C37F6-6CFA-4888-853E-9F9CC3772E01}.DVD-5|Any CPU.ActiveCfg = Debug|Any CPU
		{E82C37F6-6CFA-4888-853E-9F9CC3772E01}.DVD-5|Any CPU.Build.0 = Debug|Any CPU
		{E82C37F6-6CFA-4888-853E-9F9CC3772E01}.DVD-5|Mixed Platforms.ActiveCfg = Debug|Any CPU
		{E82C37F6-6CFA-4888-853E-9F9CC3772E01}.DVD-5|Mixed Platforms.Build.0 = Debug|Any CPU
		{E82C37F6-6CFA-4888-853E-9F9CC3772E01}.DVD-5|x64.ActiveCfg = Debug|x64
		{E82C37F6-6CFA-4888-853E-9F9CC3772E01}.DVD-5|x64.Build.0 = Debug|x64
		{E82C37F6-6CFA-4888-853E-9F9CC3772E01}.DVD-5|x86.ActiveCfg = Debug|Any CPU
		{E82C37F6-6CFA-4888-853E-9F9CC3772E01}.Release|Any CPU.ActiveCfg = Release|Any CPU
		{E82C37F6-6CFA-4888-853E-9F9CC3772E01}.Release|Any CPU.Build.0 = Release|Any CPU
		{E82C37F6-6CFA-4888-853E-9F9CC3772E01}.Release|Mixed Platforms.ActiveCfg = Release|Any CPU
		{E82C37F6-6CFA-4888-853E-9F9CC3772E01}.Release|Mixed Platforms.Build.0 = Release|Any CPU
		{E82C37F6-6CFA-4888-853E-9F9CC3772E01}.Release|x64.ActiveCfg = Release|x64
		{E82C37F6-6CFA-4888-853E-9F9CC3772E01}.Release|x64.Build.0 = Release|x64
		{E82C37F6-6CFA-4888-853E-9F9CC3772E01}.Release|x86.ActiveCfg = Release|Any CPU
		{E82C37F6-6CFA-4888-853E-9F9CC3772E01}.SingleImage|Any CPU.ActiveCfg = Release|Any CPU
		{E82C37F6-6CFA-4888-853E-9F9CC3772E01}.SingleImage|Any CPU.Build.0 = Release|Any CPU
		{E82C37F6-6CFA-4888-853E-9F9CC3772E01}.SingleImage|Mixed Platforms.ActiveCfg = Release|Any CPU
		{E82C37F6-6CFA-4888-853E-9F9CC3772E01}.SingleImage|Mixed Platforms.Build.0 = Release|Any CPU
		{E82C37F6-6CFA-4888-853E-9F9CC3772E01}.SingleImage|x64.ActiveCfg = Release|x64
		{E82C37F6-6CFA-4888-853E-9F9CC3772E01}.SingleImage|x64.Build.0 = Release|x64
		{E82C37F6-6CFA-4888-853E-9F9CC3772E01}.SingleImage|x86.ActiveCfg = Release|Any CPU
		{6B1FEF08-BB4F-4B74-BE0A-0C1629CFED80}.CD_ROM|Any CPU.ActiveCfg = Release|Any CPU
		{6B1FEF08-BB4F-4B74-BE0A-0C1629CFED80}.CD_ROM|Any CPU.Build.0 = Release|Any CPU
		{6B1FEF08-BB4F-4B74-BE0A-0C1629CFED80}.CD_ROM|Mixed Platforms.ActiveCfg = Release|Any CPU
		{6B1FEF08-BB4F-4B74-BE0A-0C1629CFED80}.CD_ROM|Mixed Platforms.Build.0 = Release|Any CPU
		{6B1FEF08-BB4F-4B74-BE0A-0C1629CFED80}.CD_ROM|x64.ActiveCfg = Release|Any CPU
		{6B1FEF08-BB4F-4B74-BE0A-0C1629CFED80}.CD_ROM|x64.Build.0 = Release|Any CPU
		{6B1FEF08-BB4F-4B74-BE0A-0C1629CFED80}.CD_ROM|x86.ActiveCfg = Release|Any CPU
		{6B1FEF08-BB4F-4B74-BE0A-0C1629CFED80}.CD_ROM|x86.Build.0 = Release|Any CPU
		{6B1FEF08-BB4F-4B74-BE0A-0C1629CFED80}.Debug|Any CPU.ActiveCfg = Debug|Any CPU
		{6B1FEF08-BB4F-4B74-BE0A-0C1629CFED80}.Debug|Any CPU.Build.0 = Debug|Any CPU
		{6B1FEF08-BB4F-4B74-BE0A-0C1629CFED80}.Debug|Mixed Platforms.ActiveCfg = Debug|Any CPU
		{6B1FEF08-BB4F-4B74-BE0A-0C1629CFED80}.Debug|Mixed Platforms.Build.0 = Debug|Any CPU
		{6B1FEF08-BB4F-4B74-BE0A-0C1629CFED80}.Debug|x64.ActiveCfg = Debug|Any CPU
		{6B1FEF08-BB4F-4B74-BE0A-0C1629CFED80}.Debug|x64.Build.0 = Debug|Any CPU
		{6B1FEF08-BB4F-4B74-BE0A-0C1629CFED80}.Debug|x86.ActiveCfg = Debug|Any CPU
		{6B1FEF08-BB4F-4B74-BE0A-0C1629CFED80}.Debug|x86.Build.0 = Debug|Any CPU
		{6B1FEF08-BB4F-4B74-BE0A-0C1629CFED80}.DVD-5|Any CPU.ActiveCfg = Debug|Any CPU
		{6B1FEF08-BB4F-4B74-BE0A-0C1629CFED80}.DVD-5|Any CPU.Build.0 = Debug|Any CPU
		{6B1FEF08-BB4F-4B74-BE0A-0C1629CFED80}.DVD-5|Mixed Platforms.ActiveCfg = Debug|Any CPU
		{6B1FEF08-BB4F-4B74-BE0A-0C1629CFED80}.DVD-5|Mixed Platforms.Build.0 = Debug|Any CPU
		{6B1FEF08-BB4F-4B74-BE0A-0C1629CFED80}.DVD-5|x64.ActiveCfg = Debug|Any CPU
		{6B1FEF08-BB4F-4B74-BE0A-0C1629CFED80}.DVD-5|x64.Build.0 = Debug|Any CPU
		{6B1FEF08-BB4F-4B74-BE0A-0C1629CFED80}.DVD-5|x86.ActiveCfg = Debug|Any CPU
		{6B1FEF08-BB4F-4B74-BE0A-0C1629CFED80}.DVD-5|x86.Build.0 = Debug|Any CPU
		{6B1FEF08-BB4F-4B74-BE0A-0C1629CFED80}.Release|Any CPU.ActiveCfg = Release|Any CPU
		{6B1FEF08-BB4F-4B74-BE0A-0C1629CFED80}.Release|Any CPU.Build.0 = Release|Any CPU
		{6B1FEF08-BB4F-4B74-BE0A-0C1629CFED80}.Release|Mixed Platforms.ActiveCfg = Release|Any CPU
		{6B1FEF08-BB4F-4B74-BE0A-0C1629CFED80}.Release|Mixed Platforms.Build.0 = Release|Any CPU
		{6B1FEF08-BB4F-4B74-BE0A-0C1629CFED80}.Release|x64.ActiveCfg = Release|Any CPU
		{6B1FEF08-BB4F-4B74-BE0A-0C1629CFED80}.Release|x64.Build.0 = Release|Any CPU
		{6B1FEF08-BB4F-4B74-BE0A-0C1629CFED80}.Release|x86.ActiveCfg = Release|Any CPU
		{6B1FEF08-BB4F-4B74-BE0A-0C1629CFED80}.Release|x86.Build.0 = Release|Any CPU
		{6B1FEF08-BB4F-4B74-BE0A-0C1629CFED80}.SingleImage|Any CPU.ActiveCfg = Release|Any CPU
		{6B1FEF08-BB4F-4B74-BE0A-0C1629CFED80}.SingleImage|Any CPU.Build.0 = Release|Any CPU
		{6B1FEF08-BB4F-4B74-BE0A-0C1629CFED80}.SingleImage|Mixed Platforms.ActiveCfg = Release|Any CPU
		{6B1FEF08-BB4F-4B74-BE0A-0C1629CFED80}.SingleImage|Mixed Platforms.Build.0 = Release|Any CPU
		{6B1FEF08-BB4F-4B74-BE0A-0C1629CFED80}.SingleImage|x64.ActiveCfg = Release|Any CPU
		{6B1FEF08-BB4F-4B74-BE0A-0C1629CFED80}.SingleImage|x64.Build.0 = Release|Any CPU
		{6B1FEF08-BB4F-4B74-BE0A-0C1629CFED80}.SingleImage|x86.ActiveCfg = Release|Any CPU
		{6B1FEF08-BB4F-4B74-BE0A-0C1629CFED80}.SingleImage|x86.Build.0 = Release|Any CPU
		{FE8DBC23-B57F-46D3-83B3-D1CEB8D8F966}.CD_ROM|Any CPU.ActiveCfg = Release|Any CPU
		{FE8DBC23-B57F-46D3-83B3-D1CEB8D8F966}.CD_ROM|Any CPU.Build.0 = Release|Any CPU
		{FE8DBC23-B57F-46D3-83B3-D1CEB8D8F966}.CD_ROM|Mixed Platforms.ActiveCfg = Release|Any CPU
		{FE8DBC23-B57F-46D3-83B3-D1CEB8D8F966}.CD_ROM|Mixed Platforms.Build.0 = Release|Any CPU
		{FE8DBC23-B57F-46D3-83B3-D1CEB8D8F966}.CD_ROM|x64.ActiveCfg = Release|Any CPU
		{FE8DBC23-B57F-46D3-83B3-D1CEB8D8F966}.CD_ROM|x64.Build.0 = Release|Any CPU
		{FE8DBC23-B57F-46D3-83B3-D1CEB8D8F966}.CD_ROM|x86.ActiveCfg = Release|Any CPU
		{FE8DBC23-B57F-46D3-83B3-D1CEB8D8F966}.CD_ROM|x86.Build.0 = Release|Any CPU
		{FE8DBC23-B57F-46D3-83B3-D1CEB8D8F966}.Debug|Any CPU.ActiveCfg = Debug|Any CPU
		{FE8DBC23-B57F-46D3-83B3-D1CEB8D8F966}.Debug|Any CPU.Build.0 = Debug|Any CPU
		{FE8DBC23-B57F-46D3-83B3-D1CEB8D8F966}.Debug|Mixed Platforms.ActiveCfg = Debug|Any CPU
		{FE8DBC23-B57F-46D3-83B3-D1CEB8D8F966}.Debug|Mixed Platforms.Build.0 = Debug|Any CPU
		{FE8DBC23-B57F-46D3-83B3-D1CEB8D8F966}.Debug|x64.ActiveCfg = Debug|Any CPU
		{FE8DBC23-B57F-46D3-83B3-D1CEB8D8F966}.Debug|x64.Build.0 = Debug|Any CPU
		{FE8DBC23-B57F-46D3-83B3-D1CEB8D8F966}.Debug|x86.ActiveCfg = Debug|Any CPU
		{FE8DBC23-B57F-46D3-83B3-D1CEB8D8F966}.Debug|x86.Build.0 = Debug|Any CPU
		{FE8DBC23-B57F-46D3-83B3-D1CEB8D8F966}.DVD-5|Any CPU.ActiveCfg = Debug|Any CPU
		{FE8DBC23-B57F-46D3-83B3-D1CEB8D8F966}.DVD-5|Any CPU.Build.0 = Debug|Any CPU
		{FE8DBC23-B57F-46D3-83B3-D1CEB8D8F966}.DVD-5|Mixed Platforms.ActiveCfg = Debug|Any CPU
		{FE8DBC23-B57F-46D3-83B3-D1CEB8D8F966}.DVD-5|Mixed Platforms.Build.0 = Debug|Any CPU
		{FE8DBC23-B57F-46D3-83B3-D1CEB8D8F966}.DVD-5|x64.ActiveCfg = Debug|Any CPU
		{FE8DBC23-B57F-46D3-83B3-D1CEB8D8F966}.DVD-5|x64.Build.0 = Debug|Any CPU
		{FE8DBC23-B57F-46D3-83B3-D1CEB8D8F966}.DVD-5|x86.ActiveCfg = Debug|Any CPU
		{FE8DBC23-B57F-46D3-83B3-D1CEB8D8F966}.DVD-5|x86.Build.0 = Debug|Any CPU
		{FE8DBC23-B57F-46D3-83B3-D1CEB8D8F966}.Release|Any CPU.ActiveCfg = Release|Any CPU
		{FE8DBC23-B57F-46D3-83B3-D1CEB8D8F966}.Release|Any CPU.Build.0 = Release|Any CPU
		{FE8DBC23-B57F-46D3-83B3-D1CEB8D8F966}.Release|Mixed Platforms.ActiveCfg = Release|Any CPU
		{FE8DBC23-B57F-46D3-83B3-D1CEB8D8F966}.Release|Mixed Platforms.Build.0 = Release|Any CPU
		{FE8DBC23-B57F-46D3-83B3-D1CEB8D8F966}.Release|x64.ActiveCfg = Release|Any CPU
		{FE8DBC23-B57F-46D3-83B3-D1CEB8D8F966}.Release|x64.Build.0 = Release|Any CPU
		{FE8DBC23-B57F-46D3-83B3-D1CEB8D8F966}.Release|x86.ActiveCfg = Release|Any CPU
		{FE8DBC23-B57F-46D3-83B3-D1CEB8D8F966}.Release|x86.Build.0 = Release|Any CPU
		{FE8DBC23-B57F-46D3-83B3-D1CEB8D8F966}.SingleImage|Any CPU.ActiveCfg = Release|Any CPU
		{FE8DBC23-B57F-46D3-83B3-D1CEB8D8F966}.SingleImage|Any CPU.Build.0 = Release|Any CPU
		{FE8DBC23-B57F-46D3-83B3-D1CEB8D8F966}.SingleImage|Mixed Platforms.ActiveCfg = Release|Any CPU
		{FE8DBC23-B57F-46D3-83B3-D1CEB8D8F966}.SingleImage|Mixed Platforms.Build.0 = Release|Any CPU
		{FE8DBC23-B57F-46D3-83B3-D1CEB8D8F966}.SingleImage|x64.ActiveCfg = Release|Any CPU
		{FE8DBC23-B57F-46D3-83B3-D1CEB8D8F966}.SingleImage|x64.Build.0 = Release|Any CPU
		{FE8DBC23-B57F-46D3-83B3-D1CEB8D8F966}.SingleImage|x86.ActiveCfg = Release|Any CPU
		{FE8DBC23-B57F-46D3-83B3-D1CEB8D8F966}.SingleImage|x86.Build.0 = Release|Any CPU
		{B2D55052-26AE-49E4-8F7E-01A260A90DD0}.CD_ROM|Any CPU.ActiveCfg = Release|Any CPU
		{B2D55052-26AE-49E4-8F7E-01A260A90DD0}.CD_ROM|Any CPU.Build.0 = Release|Any CPU
		{B2D55052-26AE-49E4-8F7E-01A260A90DD0}.CD_ROM|Mixed Platforms.ActiveCfg = Release|Any CPU
		{B2D55052-26AE-49E4-8F7E-01A260A90DD0}.CD_ROM|Mixed Platforms.Build.0 = Release|Any CPU
		{B2D55052-26AE-49E4-8F7E-01A260A90DD0}.CD_ROM|x64.ActiveCfg = Release|x64
		{B2D55052-26AE-49E4-8F7E-01A260A90DD0}.CD_ROM|x64.Build.0 = Release|x64
		{B2D55052-26AE-49E4-8F7E-01A260A90DD0}.CD_ROM|x86.ActiveCfg = Release|Any CPU
		{B2D55052-26AE-49E4-8F7E-01A260A90DD0}.CD_ROM|x86.Build.0 = Release|Any CPU
		{B2D55052-26AE-49E4-8F7E-01A260A90DD0}.Debug|Any CPU.ActiveCfg = Debug|Any CPU
		{B2D55052-26AE-49E4-8F7E-01A260A90DD0}.Debug|Any CPU.Build.0 = Debug|Any CPU
		{B2D55052-26AE-49E4-8F7E-01A260A90DD0}.Debug|Mixed Platforms.ActiveCfg = Debug|Any CPU
		{B2D55052-26AE-49E4-8F7E-01A260A90DD0}.Debug|Mixed Platforms.Build.0 = Debug|Any CPU
		{B2D55052-26AE-49E4-8F7E-01A260A90DD0}.Debug|x64.ActiveCfg = Debug|x64
		{B2D55052-26AE-49E4-8F7E-01A260A90DD0}.Debug|x64.Build.0 = Debug|x64
		{B2D55052-26AE-49E4-8F7E-01A260A90DD0}.Debug|x86.ActiveCfg = Debug|Any CPU
		{B2D55052-26AE-49E4-8F7E-01A260A90DD0}.Debug|x86.Build.0 = Debug|Any CPU
		{B2D55052-26AE-49E4-8F7E-01A260A90DD0}.DVD-5|Any CPU.ActiveCfg = Debug|Any CPU
		{B2D55052-26AE-49E4-8F7E-01A260A90DD0}.DVD-5|Any CPU.Build.0 = Debug|Any CPU
		{B2D55052-26AE-49E4-8F7E-01A260A90DD0}.DVD-5|Mixed Platforms.ActiveCfg = Debug|Any CPU
		{B2D55052-26AE-49E4-8F7E-01A260A90DD0}.DVD-5|Mixed Platforms.Build.0 = Debug|Any CPU
		{B2D55052-26AE-49E4-8F7E-01A260A90DD0}.DVD-5|x64.ActiveCfg = Debug|x64
		{B2D55052-26AE-49E4-8F7E-01A260A90DD0}.DVD-5|x64.Build.0 = Debug|x64
		{B2D55052-26AE-49E4-8F7E-01A260A90DD0}.DVD-5|x86.ActiveCfg = Debug|Any CPU
		{B2D55052-26AE-49E4-8F7E-01A260A90DD0}.DVD-5|x86.Build.0 = Debug|Any CPU
		{B2D55052-26AE-49E4-8F7E-01A260A90DD0}.Release|Any CPU.ActiveCfg = Release|Any CPU
		{B2D55052-26AE-49E4-8F7E-01A260A90DD0}.Release|Any CPU.Build.0 = Release|Any CPU
		{B2D55052-26AE-49E4-8F7E-01A260A90DD0}.Release|Mixed Platforms.ActiveCfg = Release|Any CPU
		{B2D55052-26AE-49E4-8F7E-01A260A90DD0}.Release|Mixed Platforms.Build.0 = Release|Any CPU
		{B2D55052-26AE-49E4-8F7E-01A260A90DD0}.Release|x64.ActiveCfg = Release|x64
		{B2D55052-26AE-49E4-8F7E-01A260A90DD0}.Release|x64.Build.0 = Release|x64
		{B2D55052-26AE-49E4-8F7E-01A260A90DD0}.Release|x86.ActiveCfg = Release|Any CPU
		{B2D55052-26AE-49E4-8F7E-01A260A90DD0}.Release|x86.Build.0 = Release|Any CPU
		{B2D55052-26AE-49E4-8F7E-01A260A90DD0}.SingleImage|Any CPU.ActiveCfg = Release|Any CPU
		{B2D55052-26AE-49E4-8F7E-01A260A90DD0}.SingleImage|Any CPU.Build.0 = Release|Any CPU
		{B2D55052-26AE-49E4-8F7E-01A260A90DD0}.SingleImage|Mixed Platforms.ActiveCfg = Release|Any CPU
		{B2D55052-26AE-49E4-8F7E-01A260A90DD0}.SingleImage|Mixed Platforms.Build.0 = Release|Any CPU
		{B2D55052-26AE-49E4-8F7E-01A260A90DD0}.SingleImage|x64.ActiveCfg = Release|x64
		{B2D55052-26AE-49E4-8F7E-01A260A90DD0}.SingleImage|x64.Build.0 = Release|x64
		{B2D55052-26AE-49E4-8F7E-01A260A90DD0}.SingleImage|x86.ActiveCfg = Release|Any CPU
		{B2D55052-26AE-49E4-8F7E-01A260A90DD0}.SingleImage|x86.Build.0 = Release|Any CPU
		{35F09D76-FDBE-4854-9DFC-961185C53B57}.CD_ROM|Any CPU.ActiveCfg = Release|Any CPU
		{35F09D76-FDBE-4854-9DFC-961185C53B57}.CD_ROM|Any CPU.Build.0 = Release|Any CPU
		{35F09D76-FDBE-4854-9DFC-961185C53B57}.CD_ROM|Mixed Platforms.ActiveCfg = Release|Any CPU
		{35F09D76-FDBE-4854-9DFC-961185C53B57}.CD_ROM|Mixed Platforms.Build.0 = Release|Any CPU
		{35F09D76-FDBE-4854-9DFC-961185C53B57}.CD_ROM|x64.ActiveCfg = Release|Any CPU
		{35F09D76-FDBE-4854-9DFC-961185C53B57}.CD_ROM|x64.Build.0 = Release|Any CPU
		{35F09D76-FDBE-4854-9DFC-961185C53B57}.CD_ROM|x86.ActiveCfg = Release|Any CPU
		{35F09D76-FDBE-4854-9DFC-961185C53B57}.CD_ROM|x86.Build.0 = Release|Any CPU
		{35F09D76-FDBE-4854-9DFC-961185C53B57}.Debug|Any CPU.ActiveCfg = Debug|Any CPU
		{35F09D76-FDBE-4854-9DFC-961185C53B57}.Debug|Any CPU.Build.0 = Debug|Any CPU
		{35F09D76-FDBE-4854-9DFC-961185C53B57}.Debug|Mixed Platforms.ActiveCfg = Debug|Any CPU
		{35F09D76-FDBE-4854-9DFC-961185C53B57}.Debug|Mixed Platforms.Build.0 = Debug|Any CPU
		{35F09D76-FDBE-4854-9DFC-961185C53B57}.Debug|x64.ActiveCfg = Debug|Any CPU
		{35F09D76-FDBE-4854-9DFC-961185C53B57}.Debug|x64.Build.0 = Debug|Any CPU
		{35F09D76-FDBE-4854-9DFC-961185C53B57}.Debug|x86.ActiveCfg = Debug|Any CPU
		{35F09D76-FDBE-4854-9DFC-961185C53B57}.Debug|x86.Build.0 = Debug|Any CPU
		{35F09D76-FDBE-4854-9DFC-961185C53B57}.DVD-5|Any CPU.ActiveCfg = Debug|Any CPU
		{35F09D76-FDBE-4854-9DFC-961185C53B57}.DVD-5|Any CPU.Build.0 = Debug|Any CPU
		{35F09D76-FDBE-4854-9DFC-961185C53B57}.DVD-5|Mixed Platforms.ActiveCfg = Debug|Any CPU
		{35F09D76-FDBE-4854-9DFC-961185C53B57}.DVD-5|Mixed Platforms.Build.0 = Debug|Any CPU
		{35F09D76-FDBE-4854-9DFC-961185C53B57}.DVD-5|x64.ActiveCfg = Debug|Any CPU
		{35F09D76-FDBE-4854-9DFC-961185C53B57}.DVD-5|x64.Build.0 = Debug|Any CPU
		{35F09D76-FDBE-4854-9DFC-961185C53B57}.DVD-5|x86.ActiveCfg = Debug|Any CPU
		{35F09D76-FDBE-4854-9DFC-961185C53B57}.DVD-5|x86.Build.0 = Debug|Any CPU
		{35F09D76-FDBE-4854-9DFC-961185C53B57}.Release|Any CPU.ActiveCfg = Release|Any CPU
		{35F09D76-FDBE-4854-9DFC-961185C53B57}.Release|Any CPU.Build.0 = Release|Any CPU
		{35F09D76-FDBE-4854-9DFC-961185C53B57}.Release|Mixed Platforms.ActiveCfg = Release|Any CPU
		{35F09D76-FDBE-4854-9DFC-961185C53B57}.Release|Mixed Platforms.Build.0 = Release|Any CPU
		{35F09D76-FDBE-4854-9DFC-961185C53B57}.Release|x64.ActiveCfg = Release|Any CPU
		{35F09D76-FDBE-4854-9DFC-961185C53B57}.Release|x64.Build.0 = Release|Any CPU
		{35F09D76-FDBE-4854-9DFC-961185C53B57}.Release|x86.ActiveCfg = Release|Any CPU
		{35F09D76-FDBE-4854-9DFC-961185C53B57}.Release|x86.Build.0 = Release|Any CPU
		{35F09D76-FDBE-4854-9DFC-961185C53B57}.SingleImage|Any CPU.ActiveCfg = Release|Any CPU
		{35F09D76-FDBE-4854-9DFC-961185C53B57}.SingleImage|Any CPU.Build.0 = Release|Any CPU
		{35F09D76-FDBE-4854-9DFC-961185C53B57}.SingleImage|Mixed Platforms.ActiveCfg = Release|Any CPU
		{35F09D76-FDBE-4854-9DFC-961185C53B57}.SingleImage|Mixed Platforms.Build.0 = Release|Any CPU
		{35F09D76-FDBE-4854-9DFC-961185C53B57}.SingleImage|x64.ActiveCfg = Release|Any CPU
		{35F09D76-FDBE-4854-9DFC-961185C53B57}.SingleImage|x64.Build.0 = Release|Any CPU
		{35F09D76-FDBE-4854-9DFC-961185C53B57}.SingleImage|x86.ActiveCfg = Release|Any CPU
		{35F09D76-FDBE-4854-9DFC-961185C53B57}.SingleImage|x86.Build.0 = Release|Any CPU
		{EEBD4EF2-4649-4F36-8FDA-B1BA071A19BE}.CD_ROM|Any CPU.ActiveCfg = Release|Any CPU
		{EEBD4EF2-4649-4F36-8FDA-B1BA071A19BE}.CD_ROM|Any CPU.Build.0 = Release|Any CPU
		{EEBD4EF2-4649-4F36-8FDA-B1BA071A19BE}.CD_ROM|Mixed Platforms.ActiveCfg = Release|x86
		{EEBD4EF2-4649-4F36-8FDA-B1BA071A19BE}.CD_ROM|Mixed Platforms.Build.0 = Release|x86
		{EEBD4EF2-4649-4F36-8FDA-B1BA071A19BE}.CD_ROM|x64.ActiveCfg = Release|Any CPU
		{EEBD4EF2-4649-4F36-8FDA-B1BA071A19BE}.CD_ROM|x64.Build.0 = Release|Any CPU
		{EEBD4EF2-4649-4F36-8FDA-B1BA071A19BE}.CD_ROM|x86.ActiveCfg = Release|x86
		{EEBD4EF2-4649-4F36-8FDA-B1BA071A19BE}.CD_ROM|x86.Build.0 = Release|x86
		{EEBD4EF2-4649-4F36-8FDA-B1BA071A19BE}.Debug|Any CPU.ActiveCfg = Debug|Any CPU
		{EEBD4EF2-4649-4F36-8FDA-B1BA071A19BE}.Debug|Any CPU.Build.0 = Debug|Any CPU
		{EEBD4EF2-4649-4F36-8FDA-B1BA071A19BE}.Debug|Mixed Platforms.ActiveCfg = Debug|x86
		{EEBD4EF2-4649-4F36-8FDA-B1BA071A19BE}.Debug|Mixed Platforms.Build.0 = Debug|x86
		{EEBD4EF2-4649-4F36-8FDA-B1BA071A19BE}.Debug|x64.ActiveCfg = Debug|Any CPU
		{EEBD4EF2-4649-4F36-8FDA-B1BA071A19BE}.Debug|x64.Build.0 = Debug|Any CPU
		{EEBD4EF2-4649-4F36-8FDA-B1BA071A19BE}.Debug|x86.ActiveCfg = Debug|x86
		{EEBD4EF2-4649-4F36-8FDA-B1BA071A19BE}.Debug|x86.Build.0 = Debug|x86
		{EEBD4EF2-4649-4F36-8FDA-B1BA071A19BE}.DVD-5|Any CPU.ActiveCfg = Debug|Any CPU
		{EEBD4EF2-4649-4F36-8FDA-B1BA071A19BE}.DVD-5|Any CPU.Build.0 = Debug|Any CPU
		{EEBD4EF2-4649-4F36-8FDA-B1BA071A19BE}.DVD-5|Mixed Platforms.ActiveCfg = Debug|x86
		{EEBD4EF2-4649-4F36-8FDA-B1BA071A19BE}.DVD-5|Mixed Platforms.Build.0 = Debug|x86
		{EEBD4EF2-4649-4F36-8FDA-B1BA071A19BE}.DVD-5|x64.ActiveCfg = Debug|Any CPU
		{EEBD4EF2-4649-4F36-8FDA-B1BA071A19BE}.DVD-5|x64.Build.0 = Debug|Any CPU
		{EEBD4EF2-4649-4F36-8FDA-B1BA071A19BE}.DVD-5|x86.ActiveCfg = Debug|x86
		{EEBD4EF2-4649-4F36-8FDA-B1BA071A19BE}.DVD-5|x86.Build.0 = Debug|x86
		{EEBD4EF2-4649-4F36-8FDA-B1BA071A19BE}.Release|Any CPU.ActiveCfg = Release|Any CPU
		{EEBD4EF2-4649-4F36-8FDA-B1BA071A19BE}.Release|Any CPU.Build.0 = Release|Any CPU
		{EEBD4EF2-4649-4F36-8FDA-B1BA071A19BE}.Release|Mixed Platforms.ActiveCfg = Release|x86
		{EEBD4EF2-4649-4F36-8FDA-B1BA071A19BE}.Release|Mixed Platforms.Build.0 = Release|x86
		{EEBD4EF2-4649-4F36-8FDA-B1BA071A19BE}.Release|x64.ActiveCfg = Release|Any CPU
		{EEBD4EF2-4649-4F36-8FDA-B1BA071A19BE}.Release|x64.Build.0 = Release|Any CPU
		{EEBD4EF2-4649-4F36-8FDA-B1BA071A19BE}.Release|x86.ActiveCfg = Release|x86
		{EEBD4EF2-4649-4F36-8FDA-B1BA071A19BE}.Release|x86.Build.0 = Release|x86
		{EEBD4EF2-4649-4F36-8FDA-B1BA071A19BE}.SingleImage|Any CPU.ActiveCfg = Release|Any CPU
		{EEBD4EF2-4649-4F36-8FDA-B1BA071A19BE}.SingleImage|Any CPU.Build.0 = Release|Any CPU
		{EEBD4EF2-4649-4F36-8FDA-B1BA071A19BE}.SingleImage|Mixed Platforms.ActiveCfg = Release|x86
		{EEBD4EF2-4649-4F36-8FDA-B1BA071A19BE}.SingleImage|Mixed Platforms.Build.0 = Release|x86
		{EEBD4EF2-4649-4F36-8FDA-B1BA071A19BE}.SingleImage|x64.ActiveCfg = Release|Any CPU
		{EEBD4EF2-4649-4F36-8FDA-B1BA071A19BE}.SingleImage|x64.Build.0 = Release|Any CPU
		{EEBD4EF2-4649-4F36-8FDA-B1BA071A19BE}.SingleImage|x86.ActiveCfg = Release|x86
		{EEBD4EF2-4649-4F36-8FDA-B1BA071A19BE}.SingleImage|x86.Build.0 = Release|x86
		{D2E33FEE-6689-4BB4-A95C-1B5C327A1E8F}.CD_ROM|Any CPU.ActiveCfg = Release|Any CPU
		{D2E33FEE-6689-4BB4-A95C-1B5C327A1E8F}.CD_ROM|Any CPU.Build.0 = Release|Any CPU
		{D2E33FEE-6689-4BB4-A95C-1B5C327A1E8F}.CD_ROM|Mixed Platforms.ActiveCfg = Release|x86
		{D2E33FEE-6689-4BB4-A95C-1B5C327A1E8F}.CD_ROM|Mixed Platforms.Build.0 = Release|x86
		{D2E33FEE-6689-4BB4-A95C-1B5C327A1E8F}.CD_ROM|x64.ActiveCfg = Release|Any CPU
		{D2E33FEE-6689-4BB4-A95C-1B5C327A1E8F}.CD_ROM|x64.Build.0 = Release|Any CPU
		{D2E33FEE-6689-4BB4-A95C-1B5C327A1E8F}.CD_ROM|x86.ActiveCfg = Release|x86
		{D2E33FEE-6689-4BB4-A95C-1B5C327A1E8F}.CD_ROM|x86.Build.0 = Release|x86
		{D2E33FEE-6689-4BB4-A95C-1B5C327A1E8F}.Debug|Any CPU.ActiveCfg = Debug|Any CPU
		{D2E33FEE-6689-4BB4-A95C-1B5C327A1E8F}.Debug|Any CPU.Build.0 = Debug|Any CPU
		{D2E33FEE-6689-4BB4-A95C-1B5C327A1E8F}.Debug|Mixed Platforms.ActiveCfg = Debug|x86
		{D2E33FEE-6689-4BB4-A95C-1B5C327A1E8F}.Debug|Mixed Platforms.Build.0 = Debug|x86
		{D2E33FEE-6689-4BB4-A95C-1B5C327A1E8F}.Debug|x64.ActiveCfg = Debug|Any CPU
		{D2E33FEE-6689-4BB4-A95C-1B5C327A1E8F}.Debug|x64.Build.0 = Debug|Any CPU
		{D2E33FEE-6689-4BB4-A95C-1B5C327A1E8F}.Debug|x86.ActiveCfg = Debug|x86
		{D2E33FEE-6689-4BB4-A95C-1B5C327A1E8F}.Debug|x86.Build.0 = Debug|x86
		{D2E33FEE-6689-4BB4-A95C-1B5C327A1E8F}.DVD-5|Any CPU.ActiveCfg = Debug|Any CPU
		{D2E33FEE-6689-4BB4-A95C-1B5C327A1E8F}.DVD-5|Any CPU.Build.0 = Debug|Any CPU
		{D2E33FEE-6689-4BB4-A95C-1B5C327A1E8F}.DVD-5|Mixed Platforms.ActiveCfg = Debug|x86
		{D2E33FEE-6689-4BB4-A95C-1B5C327A1E8F}.DVD-5|Mixed Platforms.Build.0 = Debug|x86
		{D2E33FEE-6689-4BB4-A95C-1B5C327A1E8F}.DVD-5|x64.ActiveCfg = Debug|Any CPU
		{D2E33FEE-6689-4BB4-A95C-1B5C327A1E8F}.DVD-5|x64.Build.0 = Debug|Any CPU
		{D2E33FEE-6689-4BB4-A95C-1B5C327A1E8F}.DVD-5|x86.ActiveCfg = Debug|x86
		{D2E33FEE-6689-4BB4-A95C-1B5C327A1E8F}.DVD-5|x86.Build.0 = Debug|x86
		{D2E33FEE-6689-4BB4-A95C-1B5C327A1E8F}.Release|Any CPU.ActiveCfg = Release|Any CPU
		{D2E33FEE-6689-4BB4-A95C-1B5C327A1E8F}.Release|Any CPU.Build.0 = Release|Any CPU
		{D2E33FEE-6689-4BB4-A95C-1B5C327A1E8F}.Release|Mixed Platforms.ActiveCfg = Release|x86
		{D2E33FEE-6689-4BB4-A95C-1B5C327A1E8F}.Release|Mixed Platforms.Build.0 = Release|x86
		{D2E33FEE-6689-4BB4-A95C-1B5C327A1E8F}.Release|x64.ActiveCfg = Release|Any CPU
		{D2E33FEE-6689-4BB4-A95C-1B5C327A1E8F}.Release|x64.Build.0 = Release|Any CPU
		{D2E33FEE-6689-4BB4-A95C-1B5C327A1E8F}.Release|x86.ActiveCfg = Release|x86
		{D2E33FEE-6689-4BB4-A95C-1B5C327A1E8F}.Release|x86.Build.0 = Release|x86
		{D2E33FEE-6689-4BB4-A95C-1B5C327A1E8F}.SingleImage|Any CPU.ActiveCfg = Release|Any CPU
		{D2E33FEE-6689-4BB4-A95C-1B5C327A1E8F}.SingleImage|Any CPU.Build.0 = Release|Any CPU
		{D2E33FEE-6689-4BB4-A95C-1B5C327A1E8F}.SingleImage|Mixed Platforms.ActiveCfg = Release|x86
		{D2E33FEE-6689-4BB4-A95C-1B5C327A1E8F}.SingleImage|Mixed Platforms.Build.0 = Release|x86
		{D2E33FEE-6689-4BB4-A95C-1B5C327A1E8F}.SingleImage|x64.ActiveCfg = Release|Any CPU
		{D2E33FEE-6689-4BB4-A95C-1B5C327A1E8F}.SingleImage|x64.Build.0 = Release|Any CPU
		{D2E33FEE-6689-4BB4-A95C-1B5C327A1E8F}.SingleImage|x86.ActiveCfg = Release|x86
		{D2E33FEE-6689-4BB4-A95C-1B5C327A1E8F}.SingleImage|x86.Build.0 = Release|x86
		{E808051A-83B7-4FA9-B004-D064EA162B60}.CD_ROM|Any CPU.ActiveCfg = Release|Any CPU
		{E808051A-83B7-4FA9-B004-D064EA162B60}.CD_ROM|Any CPU.Build.0 = Release|Any CPU
		{E808051A-83B7-4FA9-B004-D064EA162B60}.CD_ROM|Mixed Platforms.ActiveCfg = Release|Any CPU
		{E808051A-83B7-4FA9-B004-D064EA162B60}.CD_ROM|Mixed Platforms.Build.0 = Release|Any CPU
		{E808051A-83B7-4FA9-B004-D064EA162B60}.CD_ROM|x64.ActiveCfg = Release|Any CPU
		{E808051A-83B7-4FA9-B004-D064EA162B60}.CD_ROM|x64.Build.0 = Release|Any CPU
		{E808051A-83B7-4FA9-B004-D064EA162B60}.CD_ROM|x86.ActiveCfg = Release|Any CPU
		{E808051A-83B7-4FA9-B004-D064EA162B60}.CD_ROM|x86.Build.0 = Release|Any CPU
		{E808051A-83B7-4FA9-B004-D064EA162B60}.Debug|Any CPU.ActiveCfg = Debug|Any CPU
		{E808051A-83B7-4FA9-B004-D064EA162B60}.Debug|Any CPU.Build.0 = Debug|Any CPU
		{E808051A-83B7-4FA9-B004-D064EA162B60}.Debug|Mixed Platforms.ActiveCfg = Debug|Any CPU
		{E808051A-83B7-4FA9-B004-D064EA162B60}.Debug|Mixed Platforms.Build.0 = Debug|Any CPU
		{E808051A-83B7-4FA9-B004-D064EA162B60}.Debug|x64.ActiveCfg = Debug|Any CPU
		{E808051A-83B7-4FA9-B004-D064EA162B60}.Debug|x64.Build.0 = Debug|Any CPU
		{E808051A-83B7-4FA9-B004-D064EA162B60}.Debug|x86.ActiveCfg = Debug|Any CPU
		{E808051A-83B7-4FA9-B004-D064EA162B60}.Debug|x86.Build.0 = Debug|Any CPU
		{E808051A-83B7-4FA9-B004-D064EA162B60}.DVD-5|Any CPU.ActiveCfg = Debug|Any CPU
		{E808051A-83B7-4FA9-B004-D064EA162B60}.DVD-5|Any CPU.Build.0 = Debug|Any CPU
		{E808051A-83B7-4FA9-B004-D064EA162B60}.DVD-5|Mixed Platforms.ActiveCfg = Debug|Any CPU
		{E808051A-83B7-4FA9-B004-D064EA162B60}.DVD-5|Mixed Platforms.Build.0 = Debug|Any CPU
		{E808051A-83B7-4FA9-B004-D064EA162B60}.DVD-5|x64.ActiveCfg = Debug|Any CPU
		{E808051A-83B7-4FA9-B004-D064EA162B60}.DVD-5|x64.Build.0 = Debug|Any CPU
		{E808051A-83B7-4FA9-B004-D064EA162B60}.DVD-5|x86.ActiveCfg = Debug|Any CPU
		{E808051A-83B7-4FA9-B004-D064EA162B60}.DVD-5|x86.Build.0 = Debug|Any CPU
		{E808051A-83B7-4FA9-B004-D064EA162B60}.Release|Any CPU.ActiveCfg = Release|Any CPU
		{E808051A-83B7-4FA9-B004-D064EA162B60}.Release|Any CPU.Build.0 = Release|Any CPU
		{E808051A-83B7-4FA9-B004-D064EA162B60}.Release|Mixed Platforms.ActiveCfg = Release|Any CPU
		{E808051A-83B7-4FA9-B004-D064EA162B60}.Release|Mixed Platforms.Build.0 = Release|Any CPU
		{E808051A-83B7-4FA9-B004-D064EA162B60}.Release|x64.ActiveCfg = Release|Any CPU
		{E808051A-83B7-4FA9-B004-D064EA162B60}.Release|x64.Build.0 = Release|Any CPU
		{E808051A-83B7-4FA9-B004-D064EA162B60}.Release|x86.ActiveCfg = Release|Any CPU
		{E808051A-83B7-4FA9-B004-D064EA162B60}.Release|x86.Build.0 = Release|Any CPU
		{E808051A-83B7-4FA9-B004-D064EA162B60}.SingleImage|Any CPU.ActiveCfg = Release|Any CPU
		{E808051A-83B7-4FA9-B004-D064EA162B60}.SingleImage|Any CPU.Build.0 = Release|Any CPU
		{E808051A-83B7-4FA9-B004-D064EA162B60}.SingleImage|Mixed Platforms.ActiveCfg = Release|Any CPU
		{E808051A-83B7-4FA9-B004-D064EA162B60}.SingleImage|Mixed Platforms.Build.0 = Release|Any CPU
		{E808051A-83B7-4FA9-B004-D064EA162B60}.SingleImage|x64.ActiveCfg = Release|Any CPU
		{E808051A-83B7-4FA9-B004-D064EA162B60}.SingleImage|x64.Build.0 = Release|Any CPU
		{E808051A-83B7-4FA9-B004-D064EA162B60}.SingleImage|x86.ActiveCfg = Release|Any CPU
		{E808051A-83B7-4FA9-B004-D064EA162B60}.SingleImage|x86.Build.0 = Release|Any CPU
	EndGlobalSection
	GlobalSection(SolutionProperties) = preSolution
		HideSolutionNode = FALSE
	EndGlobalSection
EndGlobal
